schema: '2.0'
stages:
  retrieve_data:
    cmd: python -m src.data.retrieve_raw_data
    deps:
    - path: src/data/retrieve_raw_data.py
      hash: md5
      md5: 91d07dc9177ef99bb813e21c2c080c08
      size: 27101
      isexec: true
    outs:
    - path: data/raw
      hash: md5
      md5: 5b83cf1204001758a146e2f78537df68.dir
      size: 8458311
      nfiles: 3
  process_data:
    cmd: python -m src.data.process_data
    deps:
    - path: data/raw
      hash: md5
      md5: 5b83cf1204001758a146e2f78537df68.dir
      size: 8458311
      nfiles: 3
    - path: src/data/process_data.py
      hash: md5
      md5: e6b081ba59303b5ebc2b62974f471c47
      size: 14386
      isexec: true
    outs:
    - path: data/processed
      hash: md5
      md5: 462f3508969709c91b3735e545105999.dir
      size: 1096117672
      nfiles: 7
  build_features:
    cmd: python -m src.features.build_features
    deps:
    - path: data/processed
      hash: md5
      md5: 462f3508969709c91b3735e545105999.dir
      size: 1096117672
      nfiles: 7
    - path: src/features/build_features.py
      hash: md5
      md5: e226c7df047e965dde9a0ff66bab1f1c
      size: 8402
      isexec: true
    outs:
    - path: data/features
      hash: md5
      md5: 422ba7fba8dab4847b7b1eee00e9c638.dir
      size: 673445
      nfiles: 4
  train_model:
    cmd: python -m src.models.train_model --config config/model_params.yaml
    deps:
    - path: config/model_params.yaml
      hash: md5
      md5: 7ae94db61828ffa05602671824cf4c9a
      size: 808
      isexec: true
    - path: data/features
      hash: md5
      md5: 422ba7fba8dab4847b7b1eee00e9c638.dir
      size: 673445
      nfiles: 4
    - path: src/models/train_model.py
      hash: md5
      md5: 2d7a2468898b8bb2f38df0006c7b0ba2
      size: 22644
      isexec: true
    outs:
    - path: models/collaborative.pkl
      hash: md5
      md5: 4e16f25aa436397f6fc74ab8d0c201a9
      size: 15247853
      isexec: true
    - path: models/collaborative_config.json
      hash: md5
      md5: 9dac0c213f5ca6775f6347cca2567350
      size: 403
      isexec: true
  evaluate_model:
    cmd: python -m src.models.evaluate_model --model-path models/collaborative.pkl
    deps:
    - path: data/processed/merged_test.csv
      hash: md5
      md5: 7a21b8ae726e8fcd7c203b1169cca833
      size: 111070635
    - path: models/collaborative.pkl
      hash: md5
      md5: 43720710eead342685760c92cba53e4c
      size: 15317190
    - path: src/models/evaluate_model.py
      hash: md5
      md5: 1aad1c2f1a8254a877f37f847da96d8f
      size: 18555
