schema: '2.0'
stages:
  retrieve_data:
    cmd: python -m src.data.retrieve_raw_data
    deps:
    - path: src/data/retrieve_raw_data.py
      hash: md5
      md5: 91d07dc9177ef99bb813e21c2c080c08
      size: 27101
    outs:
    - path: data/raw
      hash: md5
      md5: 981a1c2e02aaafd0aa41f1762ad5847b.dir
      size: 9338211
      nfiles: 3
  process_data:
    cmd: python -m src.data.process_data
    deps:
    - path: data/raw
      hash: md5
      md5: 981a1c2e02aaafd0aa41f1762ad5847b.dir
      size: 9338211
      nfiles: 3
    - path: src/data/process_data.py
      hash: md5
      md5: e6b081ba59303b5ebc2b62974f471c47
      size: 14386
    outs:
    - path: data/processed
      hash: md5
      md5: be6b14e66fe0e3c2b6475bd5a840cc1e.dir
      size: 1109631167
      nfiles: 7
  build_features:
    cmd: python -m src.features.build_features
    deps:
    - path: data/processed
      hash: md5
      md5: be6b14e66fe0e3c2b6475bd5a840cc1e.dir
      size: 1109631167
      nfiles: 7
    - path: src/features/build_features.py
      hash: md5
      md5: e226c7df047e965dde9a0ff66bab1f1c
      size: 8402
    outs:
    - path: data/features
      hash: md5
      md5: ecfd70cdd8c00e0281b6e710743c3422.dir
      size: 674015
      nfiles: 4
  train_model:
    cmd: python -m src.models.train_model --config config/model_params.yaml
    deps:
    - path: config/model_params.yaml
      hash: md5
      md5: 7ae94db61828ffa05602671824cf4c9a
      size: 808
      isexec: true
    - path: data/features
      hash: md5
      md5: 26f6594ae7ba56206386de4938ff90fa.dir
      size: 673927
      nfiles: 4
    - path: src/models/train_model.py
      hash: md5
      md5: 6e2670d3cf73c52d307277b9ad4ed9b9
      size: 22125
      isexec: true
    outs:
    - path: models/collaborative.pkl
      hash: md5
      md5: b002430031fc97a2cbb2105fef27ae2c
      size: 15286590
      isexec: true
    - path: models/collaborative_config.json
      hash: md5
      md5: 3736ff196c74671051d871e675b1c4c0
      size: 403
      isexec: true
  evaluate_model:
    cmd: python -m src.models.evaluate_model --model-path models/collaborative.pkl
    deps:
    - path: data/processed/merged_test.csv
      hash: md5
      md5: 7a21b8ae726e8fcd7c203b1169cca833
      size: 111070635
    - path: models/collaborative.pkl
      hash: md5
      md5: 43720710eead342685760c92cba53e4c
      size: 15317190
    - path: src/models/evaluate_model.py
      hash: md5
      md5: 1aad1c2f1a8254a877f37f847da96d8f
      size: 18555
